// !$*UTF8*$!
{
	archiveVersion = 1;
	classes = {
	};
	objectVersion = 50;
	objects = {

/* Begin PBXBuildFile section */
		8305BFFC268D818E0015BF0E /* AppDelegate.swift in Sources */ = {isa = PBXBuildFile; fileRef = 8305BFFB268D818E0015BF0E /* AppDelegate.swift */; };
		8305C006268D818E0015BF0E /* Airmee.xcdatamodeld in Sources */ = {isa = PBXBuildFile; fileRef = 8305C004268D818E0015BF0E /* Airmee.xcdatamodeld */; };
		8305C008268D818F0015BF0E /* Assets.xcassets in Resources */ = {isa = PBXBuildFile; fileRef = 8305C007268D818F0015BF0E /* Assets.xcassets */; };
		8305C00B268D818F0015BF0E /* LaunchScreen.storyboard in Resources */ = {isa = PBXBuildFile; fileRef = 8305C009268D818F0015BF0E /* LaunchScreen.storyboard */; };
		8305C016268D81900015BF0E /* AirmeeTests.swift in Sources */ = {isa = PBXBuildFile; fileRef = 8305C015268D81900015BF0E /* AirmeeTests.swift */; };
		8305C021268D81900015BF0E /* AirmeeUITests.swift in Sources */ = {isa = PBXBuildFile; fileRef = 8305C020268D81900015BF0E /* AirmeeUITests.swift */; };
		8305C030268D95600015BF0E /* AppCoordinator.swift in Sources */ = {isa = PBXBuildFile; fileRef = 8305C02F268D95600015BF0E /* AppCoordinator.swift */; };
		8305C040268D96550015BF0E /* RequestError.swift in Sources */ = {isa = PBXBuildFile; fileRef = 8305C03F268D96550015BF0E /* RequestError.swift */; };
		8305C042268D96610015BF0E /* HTTPMethod.swift in Sources */ = {isa = PBXBuildFile; fileRef = 8305C041268D96610015BF0E /* HTTPMethod.swift */; };
		8305C044268D966E0015BF0E /* RequestManager.swift in Sources */ = {isa = PBXBuildFile; fileRef = 8305C043268D966E0015BF0E /* RequestManager.swift */; };
		8305C046268DB42B0015BF0E /* RequestManagerProtocol.swift in Sources */ = {isa = PBXBuildFile; fileRef = 8305C045268DB42B0015BF0E /* RequestManagerProtocol.swift */; };
		8305C048268DB43F0015BF0E /* URLRequestLoggableProtocol.swift in Sources */ = {isa = PBXBuildFile; fileRef = 8305C047268DB43F0015BF0E /* URLRequestLoggableProtocol.swift */; };
		8305C04A268DB4520015BF0E /* ResponseLog.swift in Sources */ = {isa = PBXBuildFile; fileRef = 8305C049268DB4520015BF0E /* ResponseLog.swift */; };
		8305C04C268DB47A0015BF0E /* ResponseValidatorProtocol.swift in Sources */ = {isa = PBXBuildFile; fileRef = 8305C04B268DB47A0015BF0E /* ResponseValidatorProtocol.swift */; };
		8305C04E268DB48E0015BF0E /* ResponseValidator.swift in Sources */ = {isa = PBXBuildFile; fileRef = 8305C04D268DB48E0015BF0E /* ResponseValidator.swift */; };
		8305C050268DE6B80015BF0E /* AirmeeTableViewCell.swift in Sources */ = {isa = PBXBuildFile; fileRef = 8305C04F268DE6B80015BF0E /* AirmeeTableViewCell.swift */; };
		8305C052268DE6D40015BF0E /* AirmeeTableViewDataSource.swift in Sources */ = {isa = PBXBuildFile; fileRef = 8305C051268DE6D40015BF0E /* AirmeeTableViewDataSource.swift */; };
		8305C054268DE6E00015BF0E /* CellAnimator.swift in Sources */ = {isa = PBXBuildFile; fileRef = 8305C053268DE6E00015BF0E /* CellAnimator.swift */; };
		8305C057268DE8280015BF0E /* Coordinator.swift in Sources */ = {isa = PBXBuildFile; fileRef = 8305C056268DE8280015BF0E /* Coordinator.swift */; };
		8305C059268DE83A0015BF0E /* Storyboarded.swift in Sources */ = {isa = PBXBuildFile; fileRef = 8305C058268DE83A0015BF0E /* Storyboarded.swift */; };
		8305C05B268DEBCF0015BF0E /* Apartments.storyboard in Resources */ = {isa = PBXBuildFile; fileRef = 8305C05A268DEBCF0015BF0E /* Apartments.storyboard */; };
		8305C05D268DEBF00015BF0E /* ApartmentsViewController.swift in Sources */ = {isa = PBXBuildFile; fileRef = 8305C05C268DEBF00015BF0E /* ApartmentsViewController.swift */; };
		8305C05F268DEEC30015BF0E /* Apartment.swift in Sources */ = {isa = PBXBuildFile; fileRef = 8305C05E268DEEC30015BF0E /* Apartment.swift */; };
		8305C061268DEF950015BF0E /* ApartmentService.swift in Sources */ = {isa = PBXBuildFile; fileRef = 8305C060268DEF950015BF0E /* ApartmentService.swift */; };
		8305C063268DF0F20015BF0E /* ApartmentsViewModel.swift in Sources */ = {isa = PBXBuildFile; fileRef = 8305C062268DF0F20015BF0E /* ApartmentsViewModel.swift */; };
		8305C066268DF2CA0015BF0E /* UIViewController+Alert.swift in Sources */ = {isa = PBXBuildFile; fileRef = 8305C065268DF2CA0015BF0E /* UIViewController+Alert.swift */; };
		836B445F268ED53200D4C646 /* ApartmentCell.swift in Sources */ = {isa = PBXBuildFile; fileRef = 836B445D268ED53200D4C646 /* ApartmentCell.swift */; };
		836B4460268ED53200D4C646 /* ApartmentCell.xib in Resources */ = {isa = PBXBuildFile; fileRef = 836B445E268ED53200D4C646 /* ApartmentCell.xib */; };
/* End PBXBuildFile section */

/* Begin PBXContainerItemProxy section */
		8305C012268D81900015BF0E /* PBXContainerItemProxy */ = {
			isa = PBXContainerItemProxy;
			containerPortal = 8305BFF0268D818E0015BF0E /* Project object */;
			proxyType = 1;
			remoteGlobalIDString = 8305BFF7268D818E0015BF0E;
			remoteInfo = Airmee;
		};
		8305C01D268D81900015BF0E /* PBXContainerItemProxy */ = {
			isa = PBXContainerItemProxy;
			containerPortal = 8305BFF0268D818E0015BF0E /* Project object */;
			proxyType = 1;
			remoteGlobalIDString = 8305BFF7268D818E0015BF0E;
			remoteInfo = Airmee;
		};
/* End PBXContainerItemProxy section */

/* Begin PBXFileReference section */
		8305BFF8268D818E0015BF0E /* Airmee.app */ = {isa = PBXFileReference; explicitFileType = wrapper.application; includeInIndex = 0; path = Airmee.app; sourceTree = BUILT_PRODUCTS_DIR; };
		8305BFFB268D818E0015BF0E /* AppDelegate.swift */ = {isa = PBXFileReference; lastKnownFileType = sourcecode.swift; path = AppDelegate.swift; sourceTree = "<group>"; };
		8305C005268D818E0015BF0E /* Airmee.xcdatamodel */ = {isa = PBXFileReference; lastKnownFileType = wrapper.xcdatamodel; path = Airmee.xcdatamodel; sourceTree = "<group>"; };
		8305C007268D818F0015BF0E /* Assets.xcassets */ = {isa = PBXFileReference; lastKnownFileType = folder.assetcatalog; path = Assets.xcassets; sourceTree = "<group>"; };
		8305C00A268D818F0015BF0E /* Base */ = {isa = PBXFileReference; lastKnownFileType = file.storyboard; name = Base; path = Base.lproj/LaunchScreen.storyboard; sourceTree = "<group>"; };
		8305C00C268D818F0015BF0E /* Info.plist */ = {isa = PBXFileReference; lastKnownFileType = text.plist.xml; path = Info.plist; sourceTree = "<group>"; };
		8305C011268D81900015BF0E /* AirmeeTests.xctest */ = {isa = PBXFileReference; explicitFileType = wrapper.cfbundle; includeInIndex = 0; path = AirmeeTests.xctest; sourceTree = BUILT_PRODUCTS_DIR; };
		8305C015268D81900015BF0E /* AirmeeTests.swift */ = {isa = PBXFileReference; lastKnownFileType = sourcecode.swift; path = AirmeeTests.swift; sourceTree = "<group>"; };
		8305C017268D81900015BF0E /* Info.plist */ = {isa = PBXFileReference; lastKnownFileType = text.plist.xml; path = Info.plist; sourceTree = "<group>"; };
		8305C01C268D81900015BF0E /* AirmeeUITests.xctest */ = {isa = PBXFileReference; explicitFileType = wrapper.cfbundle; includeInIndex = 0; path = AirmeeUITests.xctest; sourceTree = BUILT_PRODUCTS_DIR; };
		8305C020268D81900015BF0E /* AirmeeUITests.swift */ = {isa = PBXFileReference; lastKnownFileType = sourcecode.swift; path = AirmeeUITests.swift; sourceTree = "<group>"; };
		8305C022268D81900015BF0E /* Info.plist */ = {isa = PBXFileReference; lastKnownFileType = text.plist.xml; path = Info.plist; sourceTree = "<group>"; };
		8305C02F268D95600015BF0E /* AppCoordinator.swift */ = {isa = PBXFileReference; lastKnownFileType = sourcecode.swift; path = AppCoordinator.swift; sourceTree = "<group>"; };
		8305C03F268D96550015BF0E /* RequestError.swift */ = {isa = PBXFileReference; lastKnownFileType = sourcecode.swift; path = RequestError.swift; sourceTree = "<group>"; };
		8305C041268D96610015BF0E /* HTTPMethod.swift */ = {isa = PBXFileReference; lastKnownFileType = sourcecode.swift; path = HTTPMethod.swift; sourceTree = "<group>"; };
		8305C043268D966E0015BF0E /* RequestManager.swift */ = {isa = PBXFileReference; lastKnownFileType = sourcecode.swift; path = RequestManager.swift; sourceTree = "<group>"; };
		8305C045268DB42B0015BF0E /* RequestManagerProtocol.swift */ = {isa = PBXFileReference; lastKnownFileType = sourcecode.swift; path = RequestManagerProtocol.swift; sourceTree = "<group>"; };
		8305C047268DB43F0015BF0E /* URLRequestLoggableProtocol.swift */ = {isa = PBXFileReference; lastKnownFileType = sourcecode.swift; path = URLRequestLoggableProtocol.swift; sourceTree = "<group>"; };
		8305C049268DB4520015BF0E /* ResponseLog.swift */ = {isa = PBXFileReference; lastKnownFileType = sourcecode.swift; path = ResponseLog.swift; sourceTree = "<group>"; };
		8305C04B268DB47A0015BF0E /* ResponseValidatorProtocol.swift */ = {isa = PBXFileReference; lastKnownFileType = sourcecode.swift; path = ResponseValidatorProtocol.swift; sourceTree = "<group>"; };
		8305C04D268DB48E0015BF0E /* ResponseValidator.swift */ = {isa = PBXFileReference; lastKnownFileType = sourcecode.swift; path = ResponseValidator.swift; sourceTree = "<group>"; };
		8305C04F268DE6B80015BF0E /* AirmeeTableViewCell.swift */ = {isa = PBXFileReference; lastKnownFileType = sourcecode.swift; path = AirmeeTableViewCell.swift; sourceTree = "<group>"; };
		8305C051268DE6D40015BF0E /* AirmeeTableViewDataSource.swift */ = {isa = PBXFileReference; lastKnownFileType = sourcecode.swift; path = AirmeeTableViewDataSource.swift; sourceTree = "<group>"; };
		8305C053268DE6E00015BF0E /* CellAnimator.swift */ = {isa = PBXFileReference; lastKnownFileType = sourcecode.swift; path = CellAnimator.swift; sourceTree = "<group>"; };
		8305C056268DE8280015BF0E /* Coordinator.swift */ = {isa = PBXFileReference; lastKnownFileType = sourcecode.swift; path = Coordinator.swift; sourceTree = "<group>"; };
		8305C058268DE83A0015BF0E /* Storyboarded.swift */ = {isa = PBXFileReference; lastKnownFileType = sourcecode.swift; path = Storyboarded.swift; sourceTree = "<group>"; };
		8305C05A268DEBCF0015BF0E /* Apartments.storyboard */ = {isa = PBXFileReference; lastKnownFileType = file.storyboard; path = Apartments.storyboard; sourceTree = "<group>"; };
		8305C05C268DEBF00015BF0E /* ApartmentsViewController.swift */ = {isa = PBXFileReference; lastKnownFileType = sourcecode.swift; path = ApartmentsViewController.swift; sourceTree = "<group>"; };
		8305C05E268DEEC30015BF0E /* Apartment.swift */ = {isa = PBXFileReference; lastKnownFileType = sourcecode.swift; path = Apartment.swift; sourceTree = "<group>"; };
		8305C060268DEF950015BF0E /* ApartmentService.swift */ = {isa = PBXFileReference; lastKnownFileType = sourcecode.swift; path = ApartmentService.swift; sourceTree = "<group>"; };
		8305C062268DF0F20015BF0E /* ApartmentsViewModel.swift */ = {isa = PBXFileReference; lastKnownFileType = sourcecode.swift; path = ApartmentsViewModel.swift; sourceTree = "<group>"; };
		8305C065268DF2CA0015BF0E /* UIViewController+Alert.swift */ = {isa = PBXFileReference; lastKnownFileType = sourcecode.swift; path = "UIViewController+Alert.swift"; sourceTree = "<group>"; };
		836B445D268ED53200D4C646 /* ApartmentCell.swift */ = {isa = PBXFileReference; lastKnownFileType = sourcecode.swift; path = ApartmentCell.swift; sourceTree = "<group>"; };
		836B445E268ED53200D4C646 /* ApartmentCell.xib */ = {isa = PBXFileReference; lastKnownFileType = file.xib; path = ApartmentCell.xib; sourceTree = "<group>"; };
/* End PBXFileReference section */

/* Begin PBXFrameworksBuildPhase section */
		8305BFF5268D818E0015BF0E /* Frameworks */ = {
			isa = PBXFrameworksBuildPhase;
			buildActionMask = 2147483647;
			files = (
			);
			runOnlyForDeploymentPostprocessing = 0;
		};
		8305C00E268D81900015BF0E /* Frameworks */ = {
			isa = PBXFrameworksBuildPhase;
			buildActionMask = 2147483647;
			files = (
			);
			runOnlyForDeploymentPostprocessing = 0;
		};
		8305C019268D81900015BF0E /* Frameworks */ = {
			isa = PBXFrameworksBuildPhase;
			buildActionMask = 2147483647;
			files = (
			);
			runOnlyForDeploymentPostprocessing = 0;
		};
/* End PBXFrameworksBuildPhase section */

/* Begin PBXGroup section */
		8305BFEF268D818E0015BF0E = {
			isa = PBXGroup;
			children = (
				8305BFFA268D818E0015BF0E /* Airmee */,
				8305C014268D81900015BF0E /* AirmeeTests */,
				8305C01F268D81900015BF0E /* AirmeeUITests */,
				8305BFF9268D818E0015BF0E /* Products */,
			);
			sourceTree = "<group>";
		};
		8305BFF9268D818E0015BF0E /* Products */ = {
			isa = PBXGroup;
			children = (
				8305BFF8268D818E0015BF0E /* Airmee.app */,
				8305C011268D81900015BF0E /* AirmeeTests.xctest */,
				8305C01C268D81900015BF0E /* AirmeeUITests.xctest */,
			);
			name = Products;
			sourceTree = "<group>";
		};
		8305BFFA268D818E0015BF0E /* Airmee */ = {
			isa = PBXGroup;
			children = (
				8305C02E268D95520015BF0E /* App */,
				8305C031268D95680015BF0E /* Apartments */,
				8305C032268D95730015BF0E /* Utilities */,
				8305C033268D957B0015BF0E /* UIKit Utilities */,
				8305C034268D958B0015BF0E /* Supporting Files */,
			);
			path = Airmee;
			sourceTree = "<group>";
		};
		8305C014268D81900015BF0E /* AirmeeTests */ = {
			isa = PBXGroup;
			children = (
				8305C015268D81900015BF0E /* AirmeeTests.swift */,
				8305C017268D81900015BF0E /* Info.plist */,
			);
			path = AirmeeTests;
			sourceTree = "<group>";
		};
		8305C01F268D81900015BF0E /* AirmeeUITests */ = {
			isa = PBXGroup;
			children = (
				8305C020268D81900015BF0E /* AirmeeUITests.swift */,
				8305C022268D81900015BF0E /* Info.plist */,
			);
			path = AirmeeUITests;
			sourceTree = "<group>";
		};
		8305C02E268D95520015BF0E /* App */ = {
			isa = PBXGroup;
			children = (
				8305BFFB268D818E0015BF0E /* AppDelegate.swift */,
				8305C02F268D95600015BF0E /* AppCoordinator.swift */,
			);
			path = App;
			sourceTree = "<group>";
		};
		8305C031268D95680015BF0E /* Apartments */ = {
			isa = PBXGroup;
			children = (
				8305C035268D95B30015BF0E /* Service */,
				8305C038268D95C10015BF0E /* Model */,
				8305C037268D95BE0015BF0E /* View */,
				8305C036268D95B90015BF0E /* ViewModel */,
			);
			path = Apartments;
			sourceTree = "<group>";
		};
		8305C032268D95730015BF0E /* Utilities */ = {
			isa = PBXGroup;
			children = (
				8305C039268D95F20015BF0E /* Network */,
			);
			path = Utilities;
			sourceTree = "<group>";
		};
		8305C033268D957B0015BF0E /* UIKit Utilities */ = {
			isa = PBXGroup;
			children = (
				8305C064268DF2B80015BF0E /* Extensions */,
				8305C03B268D96100015BF0E /* UITableViewDataSource */,
				8305C03A268D96010015BF0E /* Coordinator */,
			);
			path = "UIKit Utilities";
			sourceTree = "<group>";
		};
		8305C034268D958B0015BF0E /* Supporting Files */ = {
			isa = PBXGroup;
			children = (
				8305C007268D818F0015BF0E /* Assets.xcassets */,
				8305C009268D818F0015BF0E /* LaunchScreen.storyboard */,
				8305C00C268D818F0015BF0E /* Info.plist */,
				8305C004268D818E0015BF0E /* Airmee.xcdatamodeld */,
			);
			path = "Supporting Files";
			sourceTree = "<group>";
		};
		8305C035268D95B30015BF0E /* Service */ = {
			isa = PBXGroup;
			children = (
				8305C060268DEF950015BF0E /* ApartmentService.swift */,
			);
			path = Service;
			sourceTree = "<group>";
		};
		8305C036268D95B90015BF0E /* ViewModel */ = {
			isa = PBXGroup;
			children = (
				8305C062268DF0F20015BF0E /* ApartmentsViewModel.swift */,
			);
			path = ViewModel;
			sourceTree = "<group>";
		};
		8305C037268D95BE0015BF0E /* View */ = {
			isa = PBXGroup;
			children = (
				836B445C268ED51800D4C646 /* Cell */,
				8305C05A268DEBCF0015BF0E /* Apartments.storyboard */,
				8305C05C268DEBF00015BF0E /* ApartmentsViewController.swift */,
			);
			path = View;
			sourceTree = "<group>";
		};
		8305C038268D95C10015BF0E /* Model */ = {
			isa = PBXGroup;
			children = (
				8305C05E268DEEC30015BF0E /* Apartment.swift */,
			);
			path = Model;
			sourceTree = "<group>";
		};
		8305C039268D95F20015BF0E /* Network */ = {
			isa = PBXGroup;
			children = (
				8305C03C268D962B0015BF0E /* Protocols */,
				8305C03D268D96370015BF0E /* APILogger */,
				8305C03E268D96400015BF0E /* ResponseValidator */,
				8305C03F268D96550015BF0E /* RequestError.swift */,
				8305C041268D96610015BF0E /* HTTPMethod.swift */,
				8305C043268D966E0015BF0E /* RequestManager.swift */,
			);
			path = Network;
			sourceTree = "<group>";
		};
		8305C03A268D96010015BF0E /* Coordinator */ = {
			isa = PBXGroup;
			children = (
				8305C055268DE7C90015BF0E /* Protocols */,
			);
			path = Coordinator;
			sourceTree = "<group>";
		};
		8305C03B268D96100015BF0E /* UITableViewDataSource */ = {
			isa = PBXGroup;
			children = (
				8305C04F268DE6B80015BF0E /* AirmeeTableViewCell.swift */,
				8305C051268DE6D40015BF0E /* AirmeeTableViewDataSource.swift */,
				8305C053268DE6E00015BF0E /* CellAnimator.swift */,
			);
			path = UITableViewDataSource;
			sourceTree = "<group>";
		};
		8305C03C268D962B0015BF0E /* Protocols */ = {
			isa = PBXGroup;
			children = (
				8305C045268DB42B0015BF0E /* RequestManagerProtocol.swift */,
			);
			path = Protocols;
			sourceTree = "<group>";
		};
		8305C03D268D96370015BF0E /* APILogger */ = {
			isa = PBXGroup;
			children = (
				8305C047268DB43F0015BF0E /* URLRequestLoggableProtocol.swift */,
				8305C049268DB4520015BF0E /* ResponseLog.swift */,
			);
			path = APILogger;
			sourceTree = "<group>";
		};
		8305C03E268D96400015BF0E /* ResponseValidator */ = {
			isa = PBXGroup;
			children = (
				8305C04B268DB47A0015BF0E /* ResponseValidatorProtocol.swift */,
				8305C04D268DB48E0015BF0E /* ResponseValidator.swift */,
			);
			path = ResponseValidator;
			sourceTree = "<group>";
		};
		8305C055268DE7C90015BF0E /* Protocols */ = {
			isa = PBXGroup;
			children = (
				8305C056268DE8280015BF0E /* Coordinator.swift */,
				8305C058268DE83A0015BF0E /* Storyboarded.swift */,
			);
			path = Protocols;
			sourceTree = "<group>";
		};
		8305C064268DF2B80015BF0E /* Extensions */ = {
			isa = PBXGroup;
			children = (
				8305C065268DF2CA0015BF0E /* UIViewController+Alert.swift */,
			);
			path = Extensions;
			sourceTree = "<group>";
		};
		836B445C268ED51800D4C646 /* Cell */ = {
			isa = PBXGroup;
			children = (
				836B445D268ED53200D4C646 /* ApartmentCell.swift */,
				836B445E268ED53200D4C646 /* ApartmentCell.xib */,
			);
			path = Cell;
			sourceTree = "<group>";
		};
/* End PBXGroup section */

/* Begin PBXNativeTarget section */
		8305BFF7268D818E0015BF0E /* Airmee */ = {
			isa = PBXNativeTarget;
			buildConfigurationList = 8305C025268D81900015BF0E /* Build configuration list for PBXNativeTarget "Airmee" */;
			buildPhases = (
				8305BFF4268D818E0015BF0E /* Sources */,
				8305BFF5268D818E0015BF0E /* Frameworks */,
				8305BFF6268D818E0015BF0E /* Resources */,
			);
			buildRules = (
			);
			dependencies = (
			);
			name = Airmee;
			productName = Airmee;
			productReference = 8305BFF8268D818E0015BF0E /* Airmee.app */;
			productType = "com.apple.product-type.application";
		};
		8305C010268D81900015BF0E /* AirmeeTests */ = {
			isa = PBXNativeTarget;
			buildConfigurationList = 8305C028268D81900015BF0E /* Build configuration list for PBXNativeTarget "AirmeeTests" */;
			buildPhases = (
				8305C00D268D81900015BF0E /* Sources */,
				8305C00E268D81900015BF0E /* Frameworks */,
				8305C00F268D81900015BF0E /* Resources */,
			);
			buildRules = (
			);
			dependencies = (
				8305C013268D81900015BF0E /* PBXTargetDependency */,
			);
			name = AirmeeTests;
			productName = AirmeeTests;
			productReference = 8305C011268D81900015BF0E /* AirmeeTests.xctest */;
			productType = "com.apple.product-type.bundle.unit-test";
		};
		8305C01B268D81900015BF0E /* AirmeeUITests */ = {
			isa = PBXNativeTarget;
			buildConfigurationList = 8305C02B268D81900015BF0E /* Build configuration list for PBXNativeTarget "AirmeeUITests" */;
			buildPhases = (
				8305C018268D81900015BF0E /* Sources */,
				8305C019268D81900015BF0E /* Frameworks */,
				8305C01A268D81900015BF0E /* Resources */,
			);
			buildRules = (
			);
			dependencies = (
				8305C01E268D81900015BF0E /* PBXTargetDependency */,
			);
			name = AirmeeUITests;
			productName = AirmeeUITests;
			productReference = 8305C01C268D81900015BF0E /* AirmeeUITests.xctest */;
			productType = "com.apple.product-type.bundle.ui-testing";
		};
/* End PBXNativeTarget section */

/* Begin PBXProject section */
		8305BFF0268D818E0015BF0E /* Project object */ = {
			isa = PBXProject;
			attributes = {
				LastSwiftUpdateCheck = 1250;
				LastUpgradeCheck = 1250;
				TargetAttributes = {
					8305BFF7268D818E0015BF0E = {
						CreatedOnToolsVersion = 12.5.1;
					};
					8305C010268D81900015BF0E = {
						CreatedOnToolsVersion = 12.5.1;
						TestTargetID = 8305BFF7268D818E0015BF0E;
					};
					8305C01B268D81900015BF0E = {
						CreatedOnToolsVersion = 12.5.1;
						TestTargetID = 8305BFF7268D818E0015BF0E;
					};
				};
			};
			buildConfigurationList = 8305BFF3268D818E0015BF0E /* Build configuration list for PBXProject "Airmee" */;
			compatibilityVersion = "Xcode 9.3";
			developmentRegion = en;
			hasScannedForEncodings = 0;
			knownRegions = (
				en,
				Base,
			);
			mainGroup = 8305BFEF268D818E0015BF0E;
			productRefGroup = 8305BFF9268D818E0015BF0E /* Products */;
			projectDirPath = "";
			projectRoot = "";
			targets = (
				8305BFF7268D818E0015BF0E /* Airmee */,
				8305C010268D81900015BF0E /* AirmeeTests */,
				8305C01B268D81900015BF0E /* AirmeeUITests */,
			);
		};
/* End PBXProject section */

/* Begin PBXResourcesBuildPhase section */
		8305BFF6268D818E0015BF0E /* Resources */ = {
			isa = PBXResourcesBuildPhase;
			buildActionMask = 2147483647;
			files = (
				8305C00B268D818F0015BF0E /* LaunchScreen.storyboard in Resources */,
				8305C008268D818F0015BF0E /* Assets.xcassets in Resources */,
				836B4460268ED53200D4C646 /* ApartmentCell.xib in Resources */,
				8305C05B268DEBCF0015BF0E /* Apartments.storyboard in Resources */,
			);
			runOnlyForDeploymentPostprocessing = 0;
		};
		8305C00F268D81900015BF0E /* Resources */ = {
			isa = PBXResourcesBuildPhase;
			buildActionMask = 2147483647;
			files = (
			);
			runOnlyForDeploymentPostprocessing = 0;
		};
		8305C01A268D81900015BF0E /* Resources */ = {
			isa = PBXResourcesBuildPhase;
			buildActionMask = 2147483647;
			files = (
			);
			runOnlyForDeploymentPostprocessing = 0;
		};
/* End PBXResourcesBuildPhase section */

/* Begin PBXSourcesBuildPhase section */
		8305BFF4268D818E0015BF0E /* Sources */ = {
			isa = PBXSourcesBuildPhase;
			buildActionMask = 2147483647;
			files = (
				8305C040268D96550015BF0E /* RequestError.swift in Sources */,
				8305C030268D95600015BF0E /* AppCoordinator.swift in Sources */,
				8305C05D268DEBF00015BF0E /* ApartmentsViewController.swift in Sources */,
				8305C063268DF0F20015BF0E /* ApartmentsViewModel.swift in Sources */,
				8305C061268DEF950015BF0E /* ApartmentService.swift in Sources */,
				8305C057268DE8280015BF0E /* Coordinator.swift in Sources */,
				8305C066268DF2CA0015BF0E /* UIViewController+Alert.swift in Sources */,
				8305C04E268DB48E0015BF0E /* ResponseValidator.swift in Sources */,
				8305BFFC268D818E0015BF0E /* AppDelegate.swift in Sources */,
				8305C04C268DB47A0015BF0E /* ResponseValidatorProtocol.swift in Sources */,
				8305C052268DE6D40015BF0E /* AirmeeTableViewDataSource.swift in Sources */,
				8305C044268D966E0015BF0E /* RequestManager.swift in Sources */,
				836B445F268ED53200D4C646 /* ApartmentCell.swift in Sources */,
				8305C050268DE6B80015BF0E /* AirmeeTableViewCell.swift in Sources */,
				8305C04A268DB4520015BF0E /* ResponseLog.swift in Sources */,
				8305C048268DB43F0015BF0E /* URLRequestLoggableProtocol.swift in Sources */,
				8305C042268D96610015BF0E /* HTTPMethod.swift in Sources */,
				8305C046268DB42B0015BF0E /* RequestManagerProtocol.swift in Sources */,
				8305C05F268DEEC30015BF0E /* Apartment.swift in Sources */,
				8305C054268DE6E00015BF0E /* CellAnimator.swift in Sources */,
				8305C006268D818E0015BF0E /* Airmee.xcdatamodeld in Sources */,
				8305C059268DE83A0015BF0E /* Storyboarded.swift in Sources */,
			);
			runOnlyForDeploymentPostprocessing = 0;
		};
		8305C00D268D81900015BF0E /* Sources */ = {
			isa = PBXSourcesBuildPhase;
			buildActionMask = 2147483647;
			files = (
				8305C016268D81900015BF0E /* AirmeeTests.swift in Sources */,
			);
			runOnlyForDeploymentPostprocessing = 0;
		};
		8305C018268D81900015BF0E /* Sources */ = {
			isa = PBXSourcesBuildPhase;
			buildActionMask = 2147483647;
			files = (
				8305C021268D81900015BF0E /* AirmeeUITests.swift in Sources */,
			);
			runOnlyForDeploymentPostprocessing = 0;
		};
/* End PBXSourcesBuildPhase section */

/* Begin PBXTargetDependency section */
		8305C013268D81900015BF0E /* PBXTargetDependency */ = {
			isa = PBXTargetDependency;
			target = 8305BFF7268D818E0015BF0E /* Airmee */;
			targetProxy = 8305C012268D81900015BF0E /* PBXContainerItemProxy */;
		};
		8305C01E268D81900015BF0E /* PBXTargetDependency */ = {
			isa = PBXTargetDependency;
			target = 8305BFF7268D818E0015BF0E /* Airmee */;
			targetProxy = 8305C01D268D81900015BF0E /* PBXContainerItemProxy */;
		};
/* End PBXTargetDependency section */

/* Begin PBXVariantGroup section */
		8305C009268D818F0015BF0E /* LaunchScreen.storyboard */ = {
			isa = PBXVariantGroup;
			children = (
				8305C00A268D818F0015BF0E /* Base */,
			);
			name = LaunchScreen.storyboard;
			sourceTree = "<group>";
		};
/* End PBXVariantGroup section */

/* Begin XCBuildConfiguration section */
		8305C023268D81900015BF0E /* Debug */ = {
			isa = XCBuildConfiguration;
			buildSettings = {
				ALWAYS_SEARCH_USER_PATHS = NO;
				CLANG_ANALYZER_NONNULL = YES;
				CLANG_ANALYZER_NUMBER_OBJECT_CONVERSION = YES_AGGRESSIVE;
				CLANG_CXX_LANGUAGE_STANDARD = "gnu++14";
				CLANG_CXX_LIBRARY = "libc++";
				CLANG_ENABLE_MODULES = YES;
				CLANG_ENABLE_OBJC_ARC = YES;
				CLANG_ENABLE_OBJC_WEAK = YES;
				CLANG_WARN_BLOCK_CAPTURE_AUTORELEASING = YES;
				CLANG_WARN_BOOL_CONVERSION = YES;
				CLANG_WARN_COMMA = YES;
				CLANG_WARN_CONSTANT_CONVERSION = YES;
				CLANG_WARN_DEPRECATED_OBJC_IMPLEMENTATIONS = YES;
				CLANG_WARN_DIRECT_OBJC_ISA_USAGE = YES_ERROR;
				CLANG_WARN_DOCUMENTATION_COMMENTS = YES;
				CLANG_WARN_EMPTY_BODY = YES;
				CLANG_WARN_ENUM_CONVERSION = YES;
				CLANG_WARN_INFINITE_RECURSION = YES;
				CLANG_WARN_INT_CONVERSION = YES;
				CLANG_WARN_NON_LITERAL_NULL_CONVERSION = YES;
				CLANG_WARN_OBJC_IMPLICIT_RETAIN_SELF = YES;
				CLANG_WARN_OBJC_LITERAL_CONVERSION = YES;
				CLANG_WARN_OBJC_ROOT_CLASS = YES_ERROR;
				CLANG_WARN_QUOTED_INCLUDE_IN_FRAMEWORK_HEADER = YES;
				CLANG_WARN_RANGE_LOOP_ANALYSIS = YES;
				CLANG_WARN_STRICT_PROTOTYPES = YES;
				CLANG_WARN_SUSPICIOUS_MOVE = YES;
				CLANG_WARN_UNGUARDED_AVAILABILITY = YES_AGGRESSIVE;
				CLANG_WARN_UNREACHABLE_CODE = YES;
				CLANG_WARN__DUPLICATE_METHOD_MATCH = YES;
				COPY_PHASE_STRIP = NO;
				DEBUG_INFORMATION_FORMAT = dwarf;
				ENABLE_STRICT_OBJC_MSGSEND = YES;
				ENABLE_TESTABILITY = YES;
				GCC_C_LANGUAGE_STANDARD = gnu11;
				GCC_DYNAMIC_NO_PIC = NO;
				GCC_NO_COMMON_BLOCKS = YES;
				GCC_OPTIMIZATION_LEVEL = 0;
				GCC_PREPROCESSOR_DEFINITIONS = (
					"DEBUG=1",
					"$(inherited)",
				);
				GCC_WARN_64_TO_32_BIT_CONVERSION = YES;
				GCC_WARN_ABOUT_RETURN_TYPE = YES_ERROR;
				GCC_WARN_UNDECLARED_SELECTOR = YES;
				GCC_WARN_UNINITIALIZED_AUTOS = YES_AGGRESSIVE;
				GCC_WARN_UNUSED_FUNCTION = YES;
				GCC_WARN_UNUSED_VARIABLE = YES;
				IPHONEOS_DEPLOYMENT_TARGET = 13.0;
				MTL_ENABLE_DEBUG_INFO = INCLUDE_SOURCE;
				MTL_FAST_MATH = YES;
				ONLY_ACTIVE_ARCH = YES;
				SDKROOT = iphoneos;
				SWIFT_ACTIVE_COMPILATION_CONDITIONS = DEBUG;
				SWIFT_OPTIMIZATION_LEVEL = "-Onone";
			};
			name = Debug;
		};
		8305C024268D81900015BF0E /* Release */ = {
			isa = XCBuildConfiguration;
			buildSettings = {
				ALWAYS_SEARCH_USER_PATHS = NO;
				CLANG_ANALYZER_NONNULL = YES;
				CLANG_ANALYZER_NUMBER_OBJECT_CONVERSION = YES_AGGRESSIVE;
				CLANG_CXX_LANGUAGE_STANDARD = "gnu++14";
				CLANG_CXX_LIBRARY = "libc++";
				CLANG_ENABLE_MODULES = YES;
				CLANG_ENABLE_OBJC_ARC = YES;
				CLANG_ENABLE_OBJC_WEAK = YES;
				CLANG_WARN_BLOCK_CAPTURE_AUTORELEASING = YES;
				CLANG_WARN_BOOL_CONVERSION = YES;
				CLANG_WARN_COMMA = YES;
				CLANG_WARN_CONSTANT_CONVERSION = YES;
				CLANG_WARN_DEPRECATED_OBJC_IMPLEMENTATIONS = YES;
				CLANG_WARN_DIRECT_OBJC_ISA_USAGE = YES_ERROR;
				CLANG_WARN_DOCUMENTATION_COMMENTS = YES;
				CLANG_WARN_EMPTY_BODY = YES;
				CLANG_WARN_ENUM_CONVERSION = YES;
				CLANG_WARN_INFINITE_RECURSION = YES;
				CLANG_WARN_INT_CONVERSION = YES;
				CLANG_WARN_NON_LITERAL_NULL_CONVERSION = YES;
				CLANG_WARN_OBJC_IMPLICIT_RETAIN_SELF = YES;
				CLANG_WARN_OBJC_LITERAL_CONVERSION = YES;
				CLANG_WARN_OBJC_ROOT_CLASS = YES_ERROR;
				CLANG_WARN_QUOTED_INCLUDE_IN_FRAMEWORK_HEADER = YES;
				CLANG_WARN_RANGE_LOOP_ANALYSIS = YES;
				CLANG_WARN_STRICT_PROTOTYPES = YES;
				CLANG_WARN_SUSPICIOUS_MOVE = YES;
				CLANG_WARN_UNGUARDED_AVAILABILITY = YES_AGGRESSIVE;
				CLANG_WARN_UNREACHABLE_CODE = YES;
				CLANG_WARN__DUPLICATE_METHOD_MATCH = YES;
				COPY_PHASE_STRIP = NO;
				DEBUG_INFORMATION_FORMAT = "dwarf-with-dsym";
				ENABLE_NS_ASSERTIONS = NO;
				ENABLE_STRICT_OBJC_MSGSEND = YES;
				GCC_C_LANGUAGE_STANDARD = gnu11;
				GCC_NO_COMMON_BLOCKS = YES;
				GCC_WARN_64_TO_32_BIT_CONVERSION = YES;
				GCC_WARN_ABOUT_RETURN_TYPE = YES_ERROR;
				GCC_WARN_UNDECLARED_SELECTOR = YES;
				GCC_WARN_UNINITIALIZED_AUTOS = YES_AGGRESSIVE;
				GCC_WARN_UNUSED_FUNCTION = YES;
				GCC_WARN_UNUSED_VARIABLE = YES;
				IPHONEOS_DEPLOYMENT_TARGET = 13.0;
				MTL_ENABLE_DEBUG_INFO = NO;
				MTL_FAST_MATH = YES;
				SDKROOT = iphoneos;
				SWIFT_COMPILATION_MODE = wholemodule;
				SWIFT_OPTIMIZATION_LEVEL = "-O";
				VALIDATE_PRODUCT = YES;
			};
			name = Release;
		};
		8305C026268D81900015BF0E /* Debug */ = {
			isa = XCBuildConfiguration;
			buildSettings = {
				ASSETCATALOG_COMPILER_APPICON_NAME = AppIcon;
				ASSETCATALOG_COMPILER_GLOBAL_ACCENT_COLOR_NAME = AccentColor;
				CODE_SIGN_STYLE = Automatic;
				DEVELOPMENT_TEAM = M5RJ49734H;
				INFOPLIST_FILE = "$(SRCROOT)/Airmee/Supporting Files/Info.plist";
				IPHONEOS_DEPLOYMENT_TARGET = 13.0;
				LD_RUNPATH_SEARCH_PATHS = (
					"$(inherited)",
					"@executable_path/Frameworks",
				);
				PRODUCT_BUNDLE_IDENTIFIER = com.Airmee.Airmee;
				PRODUCT_NAME = "$(TARGET_NAME)";
				SWIFT_VERSION = 5.0;
				TARGETED_DEVICE_FAMILY = 1;
			};
			name = Debug;
		};
		8305C027268D81900015BF0E /* Release */ = {
			isa = XCBuildConfiguration;
			buildSettings = {
				ASSETCATALOG_COMPILER_APPICON_NAME = AppIcon;
				ASSETCATALOG_COMPILER_GLOBAL_ACCENT_COLOR_NAME = AccentColor;
				CODE_SIGN_STYLE = Automatic;
				DEVELOPMENT_TEAM = M5RJ49734H;
				INFOPLIST_FILE = "$(SRCROOT)/Airmee/Supporting Files/Info.plist";
				IPHONEOS_DEPLOYMENT_TARGET = 13.0;
				LD_RUNPATH_SEARCH_PATHS = (
					"$(inherited)",
					"@executable_path/Frameworks",
				);
				PRODUCT_BUNDLE_IDENTIFIER = com.Airmee.Airmee;
				PRODUCT_NAME = "$(TARGET_NAME)";
				SWIFT_VERSION = 5.0;
				TARGETED_DEVICE_FAMILY = 1;
			};
			name = Release;
		};
		8305C029268D81900015BF0E /* Debug */ = {
			isa = XCBuildConfiguration;
			buildSettings = {
				ALWAYS_EMBED_SWIFT_STANDARD_LIBRARIES = YES;
				BUNDLE_LOADER = "$(TEST_HOST)";
				CODE_SIGN_STYLE = Automatic;
				DEVELOPMENT_TEAM = M5RJ49734H;
				INFOPLIST_FILE = AirmeeTests/Info.plist;
				IPHONEOS_DEPLOYMENT_TARGET = 14.5;
				LD_RUNPATH_SEARCH_PATHS = (
					"$(inherited)",
					"@executable_path/Frameworks",
					"@loader_path/Frameworks",
				);
				PRODUCT_BUNDLE_IDENTIFIER = com.Airmee.AirmeeTests;
				PRODUCT_NAME = "$(TARGET_NAME)";
				SWIFT_VERSION = 5.0;
				TARGETED_DEVICE_FAMILY = "1,2";
				TEST_HOST = "$(BUILT_PRODUCTS_DIR)/Airmee.app/Airmee";
			};
			name = Debug;
		};
		8305C02A268D81900015BF0E /* Release */ = {
			isa = XCBuildConfiguration;
			buildSettings = {
				ALWAYS_EMBED_SWIFT_STANDARD_LIBRARIES = YES;
				BUNDLE_LOADER = "$(TEST_HOST)";
				CODE_SIGN_STYLE = Automatic;
				DEVELOPMENT_TEAM = M5RJ49734H;
				INFOPLIST_FILE = AirmeeTests/Info.plist;
				IPHONEOS_DEPLOYMENT_TARGET = 14.5;
				LD_RUNPATH_SEARCH_PATHS = (
					"$(inherited)",
					"@executable_path/Frameworks",
					"@loader_path/Frameworks",
				);
				PRODUCT_BUNDLE_IDENTIFIER = com.Airmee.AirmeeTests;
				PRODUCT_NAME = "$(TARGET_NAME)";
				SWIFT_VERSION = 5.0;
				TARGETED_DEVICE_FAMILY = "1,2";
				TEST_HOST = "$(BUILT_PRODUCTS_DIR)/Airmee.app/Airmee";
			};
			name = Release;
		};
		8305C02C268D81900015BF0E /* Debug */ = {
			isa = XCBuildConfiguration;
			buildSettings = {
				ALWAYS_EMBED_SWIFT_STANDARD_LIBRARIES = YES;
				CODE_SIGN_STYLE = Automatic;
				DEVELOPMENT_TEAM = M5RJ49734H;
				INFOPLIST_FILE = AirmeeUITests/Info.plist;
				LD_RUNPATH_SEARCH_PATHS = (
					"$(inherited)",
					"@executable_path/Frameworks",
					"@loader_path/Frameworks",
				);
				PRODUCT_BUNDLE_IDENTIFIER = com.Airmee.AirmeeUITests;
				PRODUCT_NAME = "$(TARGET_NAME)";
				SWIFT_VERSION = 5.0;
				TARGETED_DEVICE_FAMILY = "1,2";
				TEST_TARGET_NAME = Airmee;
			};
			name = Debug;
		};
		8305C02D268D81900015BF0E /* Release */ = {
			isa = XCBuildConfiguration;
			buildSettings = {
				ALWAYS_EMBED_SWIFT_STANDARD_LIBRARIES = YES;
				CODE_SIGN_STYLE = Automatic;
				DEVELOPMENT_TEAM = M5RJ49734H;
				INFOPLIST_FILE = AirmeeUITests/Info.plist;
				LD_RUNPATH_SEARCH_PATHS = (
					"$(inherited)",
					"@executable_path/Frameworks",
					"@loader_path/Frameworks",
				);
				PRODUCT_BUNDLE_IDENTIFIER = com.Airmee.AirmeeUITests;
				PRODUCT_NAME = "$(TARGET_NAME)";
				SWIFT_VERSION = 5.0;
				TARGETED_DEVICE_FAMILY = "1,2";
				TEST_TARGET_NAME = Airmee;
			};
			name = Release;
		};
/* End XCBuildConfiguration section */

/* Begin XCConfigurationList section */
		8305BFF3268D818E0015BF0E /* Build configuration list for PBXProject "Airmee" */ = {
			isa = XCConfigurationList;
			buildConfigurations = (
				8305C023268D81900015BF0E /* Debug */,
				8305C024268D81900015BF0E /* Release */,
			);
			defaultConfigurationIsVisible = 0;
			defaultConfigurationName = Release;
		};
		8305C025268D81900015BF0E /* Build configuration list for PBXNativeTarget "Airmee" */ = {
			isa = XCConfigurationList;
			buildConfigurations = (
				8305C026268D81900015BF0E /* Debug */,
				8305C027268D81900015BF0E /* Release */,
			);
			defaultConfigurationIsVisible = 0;
			defaultConfigurationName = Release;
		};
		8305C028268D81900015BF0E /* Build configuration list for PBXNativeTarget "AirmeeTests" */ = {
			isa = XCConfigurationList;
			buildConfigurations = (
				8305C029268D81900015BF0E /* Debug */,
				8305C02A268D81900015BF0E /* Release */,
			);
			defaultConfigurationIsVisible = 0;
			defaultConfigurationName = Release;
		};
		8305C02B268D81900015BF0E /* Build configuration list for PBXNativeTarget "AirmeeUITests" */ = {
			isa = XCConfigurationList;
			buildConfigurations = (
				8305C02C268D81900015BF0E /* Debug */,
				8305C02D268D81900015BF0E /* Release */,
			);
			defaultConfigurationIsVisible = 0;
			defaultConfigurationName = Release;
		};
/* End XCConfigurationList section */

/* Begin XCVersionGroup section */
		8305C004268D818E0015BF0E /* Airmee.xcdatamodeld */ = {
			isa = XCVersionGroup;
			children = (
				8305C005268D818E0015BF0E /* Airmee.xcdatamodel */,
			);
			currentVersion = 8305C005268D818E0015BF0E /* Airmee.xcdatamodel */;
			path = Airmee.xcdatamodeld;
			sourceTree = "<group>";
			versionGroupType = wrapper.xcdatamodel;
		};
/* End XCVersionGroup section */
	};
	rootObject = 8305BFF0268D818E0015BF0E /* Project object */;
}
